
Microsoft Visual Studio Solution File, Format Version 12.00
# Visual Studio Version 16
VisualStudioVersion = 16.0.29102.190
MinimumVisualStudioVersion = 10.0.40219.1
Project("{FAE04EC0-301F-11D3-BF4B-00C04F79EFBC}") = "DSPC", "DSPC\DSPC.csproj", "{256FBCE8-B9CF-4AA1-B52A-E15D90F5B365}"
EndProject
Project("{FAE04EC0-301F-11D3-BF4B-00C04F79EFBC}") = "Test", "Test\Test.csproj", "{3EC5FFC2-A7CE-4A59-9B39-4C3282EFAEEF}"
EndProject
Global
	GlobalSection(SolutionConfigurationPlatforms) = preSolution
		Debug|Any CPU = Debug|Any CPU
		Release|Any CPU = Release|Any CPU
	EndGlobalSection
	GlobalSection(ProjectConfigurationPlatforms) = postSolution
		{256FBCE8-B9CF-4AA1-B52A-E15D90F5B365}.Debug|Any CPU.ActiveCfg = Debug|Any CPU
		{256FBCE8-B9CF-4AA1-B52A-E15D90F5B365}.Debug|Any CPU.Build.0 = Debug|Any CPU
		{256FBCE8-B9CF-4AA1-B52A-E15D90F5B365}.Release|Any CPU.ActiveCfg = Release|Any CPU
		{256FBCE8-B9CF-4AA1-B52A-E15D90F5B365}.Release|Any CPU.Build.0 = Release|Any CPU
		{3EC5FFC2-A7CE-4A59-9B39-4C3282EFAEEF}.Debug|Any CPU.ActiveCfg = Debug|Any CPU
		{3EC5FFC2-A7CE-4A59-9B39-4C3282EFAEEF}.Debug|Any CPU.Build.0 = Debug|Any CPU
		{3EC5FFC2-A7CE-4A59-9B39-4C3282EFAEEF}.Release|Any CPU.ActiveCfg = Release|Any CPU
		{3EC5FFC2-A7CE-4A59-9B39-4C3282EFAEEF}.Release|Any CPU.Build.0 = Release|Any CPU
	EndGlobalSection
	GlobalSection(SolutionProperties) = preSolution
		HideSolutionNode = FALSE
	EndGlobalSection
	GlobalSection(ExtensibilityGlobals) = postSolution
		SolutionGuid = {D9FC64C1-732B-4A48-8C60-CBCFE85FA013}
	EndGlobalSection
EndGlobal
